{
  "name": "jpgrenamer",
  "version": "1.0.0",
  "lockfileVersion": 2,
  "requires": true,
  "packages": {
    "": {
      "name": "jpgrenamer",
      "version": "1.0.0",
      "license": "ISC",
      "dependencies": {
        "datauri": "^1.0.5",
        "file-type": "^7.4.0",
        "lodash": "^4.17.4",
        "moment": "^2.19.3",
        "piexifjs": "^1.0.3"
      }
    },
    "node_modules/datauri": {
      "version": "1.0.5",
      "resolved": "https://registry.npmjs.org/datauri/-/datauri-1.0.5.tgz",
      "integrity": "sha512-zYDBSz5GtdWXAiOIQCQDdHxHLPRiXEZwUxK4/RG4MJ07+QpzJ4pr4lgN2q7MqzUHyOx9WFucBuJofu3fgclOTw==",
      "deprecated": "Datauri 2.0 released. See more in https://github.com/data-uri/datauri/releases/tag/v2.0.0",
      "dependencies": {
        "image-size": "^0.3.5",
        "mimer": "^0.2.1",
        "semver": "^5.0.3"
      },
      "engines": {
        "node": ">= 0.10"
      }
    },
    "node_modules/file-type": {
      "version": "7.4.0",
      "resolved": "https://registry.npmjs.org/file-type/-/file-type-7.4.0.tgz",
      "integrity": "sha512-J01kvqc8K+wgKmvpO/GOPwiTBzpm+wdFn16v3+M8ps59e2xPf7AxoBCDtVbGeniici4QnzSGpkAnJTSVzsHD/A==",
      "engines": {
        "node": ">=4"
      }
    },
    "node_modules/image-size": {
      "version": "0.3.5",
      "resolved": "https://registry.npmjs.org/image-size/-/image-size-0.3.5.tgz",
      "integrity": "sha512-naH1FVkLBoWjY1ljAzPbITSiZC4mk4+nNonkMncF1kulHn9wLxNOMJ54LG9M86oqbSRNW60IARHR/E/lZBBC9g==",
      "bin": {
        "image-size": "bin/image-size"
      },
      "engines": {
        "node": ">=0.10.0"
      }
    },
    "node_modules/lodash": {
      "version": "4.17.4",
      "resolved": "https://registry.npmjs.org/lodash/-/lodash-4.17.4.tgz",
      "integrity": "sha512-6X37Sq9KCpLSXEh8uM12AKYlviHPNNk4RxiGBn4cmKGJinbXBneWIV7iE/nXkM928O7ytHcHb6+X6Svl0f4hXg=="
    },
    "node_modules/mimer": {
      "version": "0.2.1",
      "resolved": "https://registry.npmjs.org/mimer/-/mimer-0.2.1.tgz",
      "integrity": "sha512-+lVDSMXUpAqciSpjbiIs+EUmXGiNgQiToJI0Zp2Y8JfDSECUvsKF4dU8tN/aQj5NunSjH2wQSUoUtm38vzXT9Q==",
      "deprecated": "Mimer 1.0 released. See more in https://github.com/data-uri/mimer/releases/tag/v1.0.0",
      "bin": {
        "mimer": "bin/mimer"
      },
      "engines": {
        "node": ">= 0.8"
      }
    },
    "node_modules/moment": {
      "version": "2.19.3",
      "resolved": "https://registry.npmjs.org/moment/-/moment-2.19.3.tgz",
      "integrity": "sha512-SiZ1HUDMfBpfCzL1Hm1vxUFkYDbHx8/RiWBLF+5qoVWTlBGtR15+wVQB7eSD/0w3ueDxzojlX9LQtiKVpLMsFQ==",
      "engines": {
        "node": "*"
      }
    },
    "node_modules/piexifjs": {
      "version": "1.0.3",
      "resolved": "https://registry.npmjs.org/piexifjs/-/piexifjs-1.0.3.tgz",
      "integrity": "sha512-45L5AD0DS4dcQ66NXH30gU2wMijRhbsXTR1ISR3LwFDsVjvENcRrhiLy/fNpWKW707Sja5x4H6kQ86/o04P0tg=="
    },
    "node_modules/semver": {
      "version": "5.4.1",
      "resolved": "https://registry.npmjs.org/semver/-/semver-5.4.1.tgz",
      "integrity": "sha512-WfG/X9+oATh81XtllIo/I8gOiY9EXRdv1cQdyykeXK17YcUW3EXUAi2To4pcH6nZtJPr7ZOpM5OMyWJZm+8Rsg==",
      "bin": {
        "semver": "bin/semver"
      }
    }
  },
  "dependencies": {
    "datauri": {
      "version": "1.0.5",
      "resolved": "https://registry.npmjs.org/datauri/-/datauri-1.0.5.tgz",
      "integrity": "sha512-zYDBSz5GtdWXAiOIQCQDdHxHLPRiXEZwUxK4/RG4MJ07+QpzJ4pr4lgN2q7MqzUHyOx9WFucBuJofu3fgclOTw==",
      "requires": {
        "image-size": "^0.3.5",
        "mimer": "^0.2.1",
        "semver": "^5.0.3"
      }
    },
    "file-type": {
      "version": "7.4.0",
      "resolved": "https://registry.npmjs.org/file-type/-/file-type-7.4.0.tgz",
      "integrity": "sha512-J01kvqc8K+wgKmvpO/GOPwiTBzpm+wdFn16v3+M8ps59e2xPf7AxoBCDtVbGeniici4QnzSGpkAnJTSVzsHD/A=="
    },
    "image-size": {
      "version": "0.3.5",
      "resolved": "https://registry.npmjs.org/image-size/-/image-size-0.3.5.tgz",
      "integrity": "sha512-naH1FVkLBoWjY1ljAzPbITSiZC4mk4+nNonkMncF1kulHn9wLxNOMJ54LG9M86oqbSRNW60IARHR/E/lZBBC9g=="
    },
    "lodash": {
      "version": "4.17.4",
      "resolved": "https://registry.npmjs.org/lodash/-/lodash-4.17.4.tgz",
      "integrity": "sha512-6X37Sq9KCpLSXEh8uM12AKYlviHPNNk4RxiGBn4cmKGJinbXBneWIV7iE/nXkM928O7ytHcHb6+X6Svl0f4hXg=="
    },
    "mimer": {
      "version": "0.2.1",
      "resolved": "https://registry.npmjs.org/mimer/-/mimer-0.2.1.tgz",
      "integrity": "sha512-+lVDSMXUpAqciSpjbiIs+EUmXGiNgQiToJI0Zp2Y8JfDSECUvsKF4dU8tN/aQj5NunSjH2wQSUoUtm38vzXT9Q=="
    },
    "moment": {
      "version": "2.19.3",
      "resolved": "https://registry.npmjs.org/moment/-/moment-2.19.3.tgz",
      "integrity": "sha512-SiZ1HUDMfBpfCzL1Hm1vxUFkYDbHx8/RiWBLF+5qoVWTlBGtR15+wVQB7eSD/0w3ueDxzojlX9LQtiKVpLMsFQ=="
    },
    "piexifjs": {
      "version": "1.0.3",
      "resolved": "https://registry.npmjs.org/piexifjs/-/piexifjs-1.0.3.tgz",
      "integrity": "sha512-45L5AD0DS4dcQ66NXH30gU2wMijRhbsXTR1ISR3LwFDsVjvENcRrhiLy/fNpWKW707Sja5x4H6kQ86/o04P0tg=="
    },
    "semver": {
      "version": "5.4.1",
      "resolved": "https://registry.npmjs.org/semver/-/semver-5.4.1.tgz",
      "integrity": "sha512-WfG/X9+oATh81XtllIo/I8gOiY9EXRdv1cQdyykeXK17YcUW3EXUAi2To4pcH6nZtJPr7ZOpM5OMyWJZm+8Rsg=="
    }
  }
}
