# THIS IS AN AUTOGENERATED FILE. DO NOT EDIT THIS FILE DIRECTLY.
# yarn lockfile v1


datauri@^1.0.5:
  version "1.0.5"
  resolved "https://registry.yarnpkg.com/datauri/-/datauri-1.0.5.tgz#d0975d1ab6c8f2e0ce3ca43baa4539be12d289a0"
  dependencies:
    image-size "^0.3.5"
    mimer "^0.2.1"
    semver "^5.0.3"

file-type@^7.4.0:
  version "7.4.0"
  resolved "https://registry.yarnpkg.com/file-type/-/file-type-7.4.0.tgz#2a7c94f62a0030150bb7d9b6c70cfa1d3e759c86"

image-size@^0.3.5:
  version "0.3.5"
  resolved "https://registry.yarnpkg.com/image-size/-/image-size-0.3.5.tgz#83240eab2fb5b00b04aab8c74b0471e9cba7ad8c"

lodash@^4.17.4:
  version "4.17.4"
  resolved "https://registry.yarnpkg.com/lodash/-/lodash-4.17.4.tgz#78203a4d1c328ae1d86dca6460e369b57f4055ae"

mimer@^0.2.1:
  version "0.2.1"
  resolved "https://registry.yarnpkg.com/mimer/-/mimer-0.2.1.tgz#c63c5a17fe86423f5161a85d55c3ed5189baaffc"

moment@^2.19.3:
  version "2.19.3"
  resolved "https://registry.yarnpkg.com/moment/-/moment-2.19.3.tgz#bdb99d270d6d7fda78cc0fbace855e27fe7da69f"

piexifjs@^1.0.3:
  version "1.0.3"
  resolved "https://registry.yarnpkg.com/piexifjs/-/piexifjs-1.0.3.tgz#99974058c0d2cb1fb8a92754c486fba4d8b3b0f0"

semver@^5.0.3:
  version "5.4.1"
  resolved "https://registry.yarnpkg.com/semver/-/semver-5.4.1.tgz#e059c09d8571f0540823733433505d3a2f00b18e"
